
Microsoft Visual Studio Solution File, Format Version 12.00
# Visual Studio 2013
VisualStudioVersion = 12.0.31101.0
MinimumVisualStudioVersion = 10.0.40219.1
Project("{FAE04EC0-301F-11D3-BF4B-00C04F79EFBC}") = "Batch Video Converter", "Batch Video Converter\Batch Video Converter.csproj", "{47EBB337-6023-4660-B56A-8BDDCEDC28A5}"
EndProject
Project("{2150E333-8FDC-42A3-9474-1A3956D46DE8}") = "Solution Items", "Solution Items", "{A8B74249-E2E4-490A-856F-B5C5D6799FC9}"
	ProjectSection(SolutionItems) = preProject
		README.md = README.md
	EndProjectSection
EndProject
Global
	GlobalSection(SolutionConfigurationPlatforms) = preSolution
		Debug|Any CPU = Debug|Any CPU
		Release|Any CPU = Release|Any CPU
	EndGlobalSection
	GlobalSection(ProjectConfigurationPlatforms) = postSolution
		{47EBB337-6023-4660-B56A-8BDDCEDC28A5}.Debug|Any CPU.ActiveCfg = Debug|Any CPU
		{47EBB337-6023-4660-B56A-8BDDCEDC28A5}.Debug|Any CPU.Build.0 = Debug|Any CPU
		{47EBB337-6023-4660-B56A-8BDDCEDC28A5}.Release|Any CPU.ActiveCfg = Release|Any CPU
		{47EBB337-6023-4660-B56A-8BDDCEDC28A5}.Release|Any CPU.Build.0 = Release|Any CPU
	EndGlobalSection
	GlobalSection(SolutionProperties) = preSolution
		HideSolutionNode = FALSE
	EndGlobalSection
EndGlobal
